
Microsoft Visual Studio Solution File, Format Version 12.00
# Visual Studio Version 17
VisualStudioVersion = 17.8.34330.188
MinimumVisualStudioVersion = 10.0.40219.1
Project("{9A19103F-16F7-4668-BE54-9A1E7A4F7556}") = "InventaryBlazor", "InventaryBlazor\InventaryBlazor.csproj", "{561DC6D5-1FD8-42B6-90A7-D7330999C90C}"
EndProject
Project("{9A19103F-16F7-4668-BE54-9A1E7A4F7556}") = "DataAccess", "DataAccess\DataAccess.csproj", "{3C24E9CD-994C-4823-8599-3FB0A7C16289}"
EndProject
Project("{9A19103F-16F7-4668-BE54-9A1E7A4F7556}") = "Entities", "Entities\Entities.csproj", "{52716A76-A246-4095-B186-A29A25D8D43A}"
EndProject
Project("{9A19103F-16F7-4668-BE54-9A1E7A4F7556}") = "Business", "Business\Business.csproj", "{D993D66C-76C7-4239-B071-B8D2CBED87B5}"
EndProject
Global
	GlobalSection(SolutionConfigurationPlatforms) = preSolution
		Debug|Any CPU = Debug|Any CPU
		Release|Any CPU = Release|Any CPU
	EndGlobalSection
	GlobalSection(ProjectConfigurationPlatforms) = postSolution
		{561DC6D5-1FD8-42B6-90A7-D7330999C90C}.Debug|Any CPU.ActiveCfg = Debug|Any CPU
		{561DC6D5-1FD8-42B6-90A7-D7330999C90C}.Debug|Any CPU.Build.0 = Debug|Any CPU
		{561DC6D5-1FD8-42B6-90A7-D7330999C90C}.Release|Any CPU.ActiveCfg = Release|Any CPU
		{561DC6D5-1FD8-42B6-90A7-D7330999C90C}.Release|Any CPU.Build.0 = Release|Any CPU
		{3C24E9CD-994C-4823-8599-3FB0A7C16289}.Debug|Any CPU.ActiveCfg = Debug|Any CPU
		{3C24E9CD-994C-4823-8599-3FB0A7C16289}.Debug|Any CPU.Build.0 = Debug|Any CPU
		{3C24E9CD-994C-4823-8599-3FB0A7C16289}.Release|Any CPU.ActiveCfg = Release|Any CPU
		{3C24E9CD-994C-4823-8599-3FB0A7C16289}.Release|Any CPU.Build.0 = Release|Any CPU
		{52716A76-A246-4095-B186-A29A25D8D43A}.Debug|Any CPU.ActiveCfg = Debug|Any CPU
		{52716A76-A246-4095-B186-A29A25D8D43A}.Debug|Any CPU.Build.0 = Debug|Any CPU
		{52716A76-A246-4095-B186-A29A25D8D43A}.Release|Any CPU.ActiveCfg = Release|Any CPU
		{52716A76-A246-4095-B186-A29A25D8D43A}.Release|Any CPU.Build.0 = Release|Any CPU
		{D993D66C-76C7-4239-B071-B8D2CBED87B5}.Debug|Any CPU.ActiveCfg = Debug|Any CPU
		{D993D66C-76C7-4239-B071-B8D2CBED87B5}.Debug|Any CPU.Build.0 = Debug|Any CPU
		{D993D66C-76C7-4239-B071-B8D2CBED87B5}.Release|Any CPU.ActiveCfg = Release|Any CPU
		{D993D66C-76C7-4239-B071-B8D2CBED87B5}.Release|Any CPU.Build.0 = Release|Any CPU
	EndGlobalSection
	GlobalSection(SolutionProperties) = preSolution
		HideSolutionNode = FALSE
	EndGlobalSection
	GlobalSection(ExtensibilityGlobals) = postSolution
		SolutionGuid = {1E49EBF1-31A8-4D65-8F3E-1F27D5037916}
	EndGlobalSection
EndGlobal
